{
    "version": 3,
    "terraform_version": "0.11.11",
    "serial": 15,
    "lineage": "3e6a78cb-edfd-2698-212b-ba95901466a7",
    "modules": [
        {
            "path": [
                "root"
            ],
            "outputs": {
                "ip": {
                    "sensitive": false,
                    "type": "string",
                    "value": "40.65.186.67"
                },
                "os_sku": {
                    "sensitive": false,
                    "type": "string",
                    "value": "16.04-LTS"
                }
            },
            "resources": {
                "azurerm_network_interface.nic": {
                    "type": "azurerm_network_interface",
                    "depends_on": [
                        "azurerm_network_security_group.nsg",
                        "azurerm_public_ip.publicip",
                        "azurerm_resource_group.rg",
                        "azurerm_subnet.subnet"
                    ],
                    "primary": {
                        "id": "/subscriptions/82224ae2-fb9c-468d-86c1-ee15f41698c7/resourceGroups/MYTFRG02/providers/Microsoft.Network/networkInterfaces/MYNIC",
                        "attributes": {
                            "applied_dns_servers.#": "0",
                            "dns_servers.#": "0",
                            "enable_accelerated_networking": "false",
                            "enable_ip_forwarding": "false",
                            "id": "/subscriptions/82224ae2-fb9c-468d-86c1-ee15f41698c7/resourceGroups/MYTFRG02/providers/Microsoft.Network/networkInterfaces/MYNIC",
                            "internal_dns_name_label": "",
                            "internal_fqdn": "",
                            "ip_configuration.#": "1",
                            "ip_configuration.0.application_gateway_backend_address_pools_ids.#": "0",
                            "ip_configuration.0.application_security_group_ids.#": "0",
                            "ip_configuration.0.load_balancer_backend_address_pools_ids.#": "0",
                            "ip_configuration.0.load_balancer_inbound_nat_rules_ids.#": "0",
                            "ip_configuration.0.name": "MYNICConfg",
                            "ip_configuration.0.primary": "true",
                            "ip_configuration.0.private_ip_address": "",
                            "ip_configuration.0.private_ip_address_allocation": "dynamic",
                            "ip_configuration.0.public_ip_address_id": "/subscriptions/82224ae2-fb9c-468d-86c1-ee15f41698c7/resourceGroups/MYTFRG02/providers/Microsoft.Network/publicIPAddresses/MYTFPublicIP",
                            "ip_configuration.0.subnet_id": "/subscriptions/82224ae2-fb9c-468d-86c1-ee15f41698c7/resourceGroups/MYTFRG02/providers/Microsoft.Network/virtualNetworks/MYTFVnet/subnets/MYTFSubnet",
                            "location": "southeastasia",
                            "mac_address": "00-0D-3A-A3-16-57",
                            "name": "MYNIC",
                            "network_security_group_id": "/subscriptions/82224ae2-fb9c-468d-86c1-ee15f41698c7/resourceGroups/MYTFRG02/providers/Microsoft.Network/networkSecurityGroups/MYTFNSG",
                            "private_ip_address": "10.0.1.4",
                            "private_ip_addresses.#": "1",
                            "private_ip_addresses.0": "10.0.1.4",
                            "resource_group_name": "MYTFRG02",
                            "tags.%": "2",
                            "tags.Dept": "Engineering",
                            "tags.Environment": "Terraform GS",
                            "virtual_machine_id": "/subscriptions/82224ae2-fb9c-468d-86c1-ee15f41698c7/resourceGroups/MYTFRG02/providers/Microsoft.Compute/virtualMachines/MYTFVM1"
                        },
                        "meta": {},
                        "tainted": false
                    },
                    "deposed": [],
                    "provider": "provider.azurerm"
                },
                "azurerm_network_security_group.nsg": {
                    "type": "azurerm_network_security_group",
                    "depends_on": [
                        "azurerm_resource_group.rg"
                    ],
                    "primary": {
                        "id": "/subscriptions/82224ae2-fb9c-468d-86c1-ee15f41698c7/resourceGroups/MYTFRG02/providers/Microsoft.Network/networkSecurityGroups/MYTFNSG",
                        "attributes": {
                            "id": "/subscriptions/82224ae2-fb9c-468d-86c1-ee15f41698c7/resourceGroups/MYTFRG02/providers/Microsoft.Network/networkSecurityGroups/MYTFNSG",
                            "location": "southeastasia",
                            "name": "MYTFNSG",
                            "resource_group_name": "MYTFRG02",
                            "security_rule.#": "1",
                            "security_rule.2090309246.access": "Allow",
                            "security_rule.2090309246.description": "",
                            "security_rule.2090309246.destination_address_prefix": "*",
                            "security_rule.2090309246.destination_address_prefixes.#": "0",
                            "security_rule.2090309246.destination_application_security_group_ids.#": "0",
                            "security_rule.2090309246.destination_port_range": "22",
                            "security_rule.2090309246.destination_port_ranges.#": "0",
                            "security_rule.2090309246.direction": "Inbound",
                            "security_rule.2090309246.name": "SSH",
                            "security_rule.2090309246.priority": "1001",
                            "security_rule.2090309246.protocol": "Tcp",
                            "security_rule.2090309246.source_address_prefix": "*",
                            "security_rule.2090309246.source_address_prefixes.#": "0",
                            "security_rule.2090309246.source_application_security_group_ids.#": "0",
                            "security_rule.2090309246.source_port_range": "*",
                            "security_rule.2090309246.source_port_ranges.#": "0",
                            "tags.%": "2",
                            "tags.Dept": "Engineering",
                            "tags.Environment": "Terraform GS"
                        },
                        "meta": {},
                        "tainted": false
                    },
                    "deposed": [],
                    "provider": "provider.azurerm"
                },
                "azurerm_public_ip.publicip": {
                    "type": "azurerm_public_ip",
                    "depends_on": [
                        "azurerm_resource_group.rg"
                    ],
                    "primary": {
                        "id": "/subscriptions/82224ae2-fb9c-468d-86c1-ee15f41698c7/resourceGroups/MYTFRG02/providers/Microsoft.Network/publicIPAddresses/MYTFPublicIP",
                        "attributes": {
                            "id": "/subscriptions/82224ae2-fb9c-468d-86c1-ee15f41698c7/resourceGroups/MYTFRG02/providers/Microsoft.Network/publicIPAddresses/MYTFPublicIP",
                            "idle_timeout_in_minutes": "4",
                            "ip_address": "40.65.186.67",
                            "ip_version": "IPv4",
                            "location": "southeastasia",
                            "name": "MYTFPublicIP",
                            "public_ip_address_allocation": "Dynamic",
                            "resource_group_name": "MYTFRG02",
                            "sku": "Basic",
                            "tags.%": "2",
                            "tags.Dept": "Engineering",
                            "tags.Environment": "Terraform GS",
                            "zones.#": "0"
                        },
                        "meta": {},
                        "tainted": false
                    },
                    "deposed": [],
                    "provider": "provider.azurerm"
                },
                "azurerm_resource_group.rg": {
                    "type": "azurerm_resource_group",
                    "depends_on": [],
                    "primary": {
                        "id": "/subscriptions/82224ae2-fb9c-468d-86c1-ee15f41698c7/resourceGroups/MYTFRG02",
                        "attributes": {
                            "id": "/subscriptions/82224ae2-fb9c-468d-86c1-ee15f41698c7/resourceGroups/MYTFRG02",
                            "location": "southeastasia",
                            "name": "MYTFRG02",
                            "tags.%": "2",
                            "tags.Dept": "Engineering",
                            "tags.Environment": "Terraform GS"
                        },
                        "meta": {},
                        "tainted": false
                    },
                    "deposed": [],
                    "provider": "provider.azurerm"
                },
                "azurerm_subnet.subnet": {
                    "type": "azurerm_subnet",
                    "depends_on": [
                        "azurerm_resource_group.rg",
                        "azurerm_virtual_network.vnet"
                    ],
                    "primary": {
                        "id": "/subscriptions/82224ae2-fb9c-468d-86c1-ee15f41698c7/resourceGroups/MYTFRG02/providers/Microsoft.Network/virtualNetworks/MYTFVnet/subnets/MYTFSubnet",
                        "attributes": {
                            "address_prefix": "10.0.1.0/24",
                            "id": "/subscriptions/82224ae2-fb9c-468d-86c1-ee15f41698c7/resourceGroups/MYTFRG02/providers/Microsoft.Network/virtualNetworks/MYTFVnet/subnets/MYTFSubnet",
                            "ip_configurations.#": "1",
                            "ip_configurations.2831778817": "/subscriptions/82224ae2-fb9c-468d-86c1-ee15f41698c7/resourceGroups/MYTFRG02/providers/Microsoft.Network/networkInterfaces/MYNIC/ipConfigurations/MYNICConfg",
                            "name": "MYTFSubnet",
                            "resource_group_name": "MYTFRG02",
                            "route_table_id": "",
                            "service_endpoints.#": "0",
                            "virtual_network_name": "MYTFVnet"
                        },
                        "meta": {},
                        "tainted": false
                    },
                    "deposed": [],
                    "provider": "provider.azurerm"
                },
                "azurerm_virtual_machine.vm": {
                    "type": "azurerm_virtual_machine",
                    "depends_on": [
                        "azurerm_network_interface.nic",
                        "azurerm_resource_group.rg"
                    ],
                    "primary": {
                        "id": "/subscriptions/82224ae2-fb9c-468d-86c1-ee15f41698c7/resourceGroups/MYTFRG02/providers/Microsoft.Compute/virtualMachines/MYTFVM1",
                        "attributes": {
                            "delete_data_disks_on_termination": "false",
                            "delete_os_disk_on_termination": "false",
                            "id": "/subscriptions/82224ae2-fb9c-468d-86c1-ee15f41698c7/resourceGroups/MYTFRG02/providers/Microsoft.Compute/virtualMachines/MYTFVM1",
                            "identity.#": "0",
                            "location": "southeastasia",
                            "name": "MYTFVM1",
                            "network_interface_ids.#": "1",
                            "network_interface_ids.0": "/subscriptions/82224ae2-fb9c-468d-86c1-ee15f41698c7/resourceGroups/MYTFRG02/providers/Microsoft.Network/networkInterfaces/MYNIC",
                            "os_profile.#": "1",
                            "os_profile.2409747538.admin_password": "",
                            "os_profile.2409747538.admin_username": "tadmin",
                            "os_profile.2409747538.computer_name": "MYTFVM",
                            "os_profile.2409747538.custom_data": "",
                            "os_profile_linux_config.#": "1",
                            "os_profile_linux_config.2972667452.disable_password_authentication": "false",
                            "os_profile_linux_config.2972667452.ssh_keys.#": "0",
                            "os_profile_secrets.#": "0",
                            "os_profile_windows_config.#": "0",
                            "plan.#": "0",
                            "resource_group_name": "MYTFRG02",
                            "storage_data_disk.#": "0",
                            "storage_image_reference.#": "1",
                            "storage_image_reference.1458860473.id": "",
                            "storage_image_reference.1458860473.offer": "UbuntuServer",
                            "storage_image_reference.1458860473.publisher": "Canonical",
                            "storage_image_reference.1458860473.sku": "16.04-LTS",
                            "storage_image_reference.1458860473.version": "latest",
                            "storage_os_disk.#": "1",
                            "storage_os_disk.0.caching": "ReadWrite",
                            "storage_os_disk.0.create_option": "FromImage",
                            "storage_os_disk.0.disk_size_gb": "30",
                            "storage_os_disk.0.image_uri": "",
                            "storage_os_disk.0.managed_disk_id": "/subscriptions/82224ae2-fb9c-468d-86c1-ee15f41698c7/resourceGroups/MYTFRG02/providers/Microsoft.Compute/disks/MYOsDisk",
                            "storage_os_disk.0.managed_disk_type": "Standard_LRS",
                            "storage_os_disk.0.name": "MYOsDisk",
                            "storage_os_disk.0.os_type": "Linux",
                            "storage_os_disk.0.vhd_uri": "",
                            "storage_os_disk.0.write_accelerator_enabled": "false",
                            "tags.%": "2",
                            "tags.Dept": "Engineering",
                            "tags.Environment": "Terraform GS",
                            "vm_size": "Standard_B1ms",
                            "zones.#": "0"
                        },
                        "meta": {},
                        "tainted": false
                    },
                    "deposed": [],
                    "provider": "provider.azurerm"
                },
                "azurerm_virtual_network.vnet": {
                    "type": "azurerm_virtual_network",
                    "depends_on": [
                        "azurerm_resource_group.rg"
                    ],
                    "primary": {
                        "id": "/subscriptions/82224ae2-fb9c-468d-86c1-ee15f41698c7/resourceGroups/MYTFRG02/providers/Microsoft.Network/virtualNetworks/MYTFVnet",
                        "attributes": {
                            "address_space.#": "1",
                            "address_space.0": "10.0.0.0/16",
                            "dns_servers.#": "0",
                            "id": "/subscriptions/82224ae2-fb9c-468d-86c1-ee15f41698c7/resourceGroups/MYTFRG02/providers/Microsoft.Network/virtualNetworks/MYTFVnet",
                            "location": "southeastasia",
                            "name": "MYTFVnet",
                            "resource_group_name": "MYTFRG02",
                            "subnet.#": "1",
                            "subnet.2046525544.address_prefix": "10.0.1.0/24",
                            "subnet.2046525544.id": "/subscriptions/82224ae2-fb9c-468d-86c1-ee15f41698c7/resourceGroups/MYTFRG02/providers/Microsoft.Network/virtualNetworks/MYTFVnet/subnets/MYTFSubnet",
                            "subnet.2046525544.name": "MYTFSubnet",
                            "subnet.2046525544.security_group": "",
                            "tags.%": "2",
                            "tags.Dept": "Engineering",
                            "tags.Environment": "Terraform GS"
                        },
                        "meta": {},
                        "tainted": false
                    },
                    "deposed": [],
                    "provider": "provider.azurerm"
                }
            },
            "depends_on": []
        }
    ]
}
