{
    "version": 3,
    "terraform_version": "0.11.11",
    "serial": 7,
    "lineage": "b574b053-6904-7f04-0957-1b985a6e2a4d",
    "modules": [
        {
            "path": [
                "root"
            ],
            "outputs": {},
            "resources": {
                "azurerm_network_interface.nic": {
                    "type": "azurerm_network_interface",
                    "depends_on": [
                        "azurerm_network_security_group.nsg",
                        "azurerm_public_ip.publicip",
                        "azurerm_resource_group.rg",
                        "azurerm_subnet.subnet"
                    ],
                    "primary": {
                        "id": "/subscriptions/82224ae2-fb9c-468d-86c1-ee15f41698c7/resourceGroups/RG2/providers/Microsoft.Network/networkInterfaces/RG2_VM_NIC",
                        "attributes": {
                            "applied_dns_servers.#": "0",
                            "dns_servers.#": "0",
                            "enable_accelerated_networking": "false",
                            "enable_ip_forwarding": "false",
                            "id": "/subscriptions/82224ae2-fb9c-468d-86c1-ee15f41698c7/resourceGroups/RG2/providers/Microsoft.Network/networkInterfaces/RG2_VM_NIC",
                            "internal_dns_name_label": "",
                            "internal_fqdn": "",
                            "ip_configuration.#": "1",
                            "ip_configuration.0.application_gateway_backend_address_pools_ids.#": "0",
                            "ip_configuration.0.application_security_group_ids.#": "0",
                            "ip_configuration.0.load_balancer_backend_address_pools_ids.#": "0",
                            "ip_configuration.0.load_balancer_inbound_nat_rules_ids.#": "0",
                            "ip_configuration.0.name": "RG2_VM_NICConfg",
                            "ip_configuration.0.primary": "true",
                            "ip_configuration.0.private_ip_address": "",
                            "ip_configuration.0.private_ip_address_allocation": "dynamic",
                            "ip_configuration.0.public_ip_address_id": "/subscriptions/82224ae2-fb9c-468d-86c1-ee15f41698c7/resourceGroups/RG2/providers/Microsoft.Network/publicIPAddresses/RG2_VM_PublicIP",
                            "ip_configuration.0.subnet_id": "/subscriptions/82224ae2-fb9c-468d-86c1-ee15f41698c7/resourceGroups/RG2/providers/Microsoft.Network/virtualNetworks/RG2_VM_Vnet/subnets/RG2_VM_Subnet",
                            "location": "southeastasia",
                            "mac_address": "00-0D-3A-A3-8C-7D",
                            "name": "RG2_VM_NIC",
                            "network_security_group_id": "/subscriptions/82224ae2-fb9c-468d-86c1-ee15f41698c7/resourceGroups/RG2/providers/Microsoft.Network/networkSecurityGroups/RG2_VM_NSG",
                            "private_ip_address": "10.0.1.4",
                            "private_ip_addresses.#": "1",
                            "private_ip_addresses.0": "10.0.1.4",
                            "resource_group_name": "RG2",
                            "tags.%": "0",
                            "virtual_machine_id": "/subscriptions/82224ae2-fb9c-468d-86c1-ee15f41698c7/resourceGroups/RG2/providers/Microsoft.Compute/virtualMachines/RG2VM1"
                        },
                        "meta": {},
                        "tainted": false
                    },
                    "deposed": [],
                    "provider": "provider.azurerm"
                },
                "azurerm_network_security_group.nsg": {
                    "type": "azurerm_network_security_group",
                    "depends_on": [
                        "azurerm_resource_group.rg"
                    ],
                    "primary": {
                        "id": "/subscriptions/82224ae2-fb9c-468d-86c1-ee15f41698c7/resourceGroups/RG2/providers/Microsoft.Network/networkSecurityGroups/RG2_VM_NSG",
                        "attributes": {
                            "id": "/subscriptions/82224ae2-fb9c-468d-86c1-ee15f41698c7/resourceGroups/RG2/providers/Microsoft.Network/networkSecurityGroups/RG2_VM_NSG",
                            "location": "southeastasia",
                            "name": "RG2_VM_NSG",
                            "resource_group_name": "RG2",
                            "security_rule.#": "1",
                            "security_rule.2090309246.access": "Allow",
                            "security_rule.2090309246.description": "",
                            "security_rule.2090309246.destination_address_prefix": "*",
                            "security_rule.2090309246.destination_address_prefixes.#": "0",
                            "security_rule.2090309246.destination_application_security_group_ids.#": "0",
                            "security_rule.2090309246.destination_port_range": "22",
                            "security_rule.2090309246.destination_port_ranges.#": "0",
                            "security_rule.2090309246.direction": "Inbound",
                            "security_rule.2090309246.name": "SSH",
                            "security_rule.2090309246.priority": "1001",
                            "security_rule.2090309246.protocol": "Tcp",
                            "security_rule.2090309246.source_address_prefix": "*",
                            "security_rule.2090309246.source_address_prefixes.#": "0",
                            "security_rule.2090309246.source_application_security_group_ids.#": "0",
                            "security_rule.2090309246.source_port_range": "*",
                            "security_rule.2090309246.source_port_ranges.#": "0",
                            "tags.%": "0"
                        },
                        "meta": {},
                        "tainted": false
                    },
                    "deposed": [],
                    "provider": "provider.azurerm"
                },
                "azurerm_public_ip.publicip": {
                    "type": "azurerm_public_ip",
                    "depends_on": [
                        "azurerm_resource_group.rg"
                    ],
                    "primary": {
                        "id": "/subscriptions/82224ae2-fb9c-468d-86c1-ee15f41698c7/resourceGroups/RG2/providers/Microsoft.Network/publicIPAddresses/RG2_VM_PublicIP",
                        "attributes": {
                            "id": "/subscriptions/82224ae2-fb9c-468d-86c1-ee15f41698c7/resourceGroups/RG2/providers/Microsoft.Network/publicIPAddresses/RG2_VM_PublicIP",
                            "idle_timeout_in_minutes": "4",
                            "ip_address": "52.187.130.143",
                            "ip_version": "IPv4",
                            "location": "southeastasia",
                            "name": "RG2_VM_PublicIP",
                            "public_ip_address_allocation": "Dynamic",
                            "resource_group_name": "RG2",
                            "sku": "Basic",
                            "tags.%": "0",
                            "zones.#": "0"
                        },
                        "meta": {},
                        "tainted": false
                    },
                    "deposed": [],
                    "provider": "provider.azurerm"
                },
                "azurerm_resource_group.rg": {
                    "type": "azurerm_resource_group",
                    "depends_on": [],
                    "primary": {
                        "id": "/subscriptions/82224ae2-fb9c-468d-86c1-ee15f41698c7/resourceGroups/RG2",
                        "attributes": {
                            "id": "/subscriptions/82224ae2-fb9c-468d-86c1-ee15f41698c7/resourceGroups/RG2",
                            "location": "southeastasia",
                            "name": "RG2",
                            "tags.%": "0"
                        },
                        "meta": {},
                        "tainted": false
                    },
                    "deposed": [],
                    "provider": "provider.azurerm"
                },
                "azurerm_subnet.subnet": {
                    "type": "azurerm_subnet",
                    "depends_on": [
                        "azurerm_resource_group.rg",
                        "azurerm_virtual_network.vnet"
                    ],
                    "primary": {
                        "id": "/subscriptions/82224ae2-fb9c-468d-86c1-ee15f41698c7/resourceGroups/RG2/providers/Microsoft.Network/virtualNetworks/RG2_VM_Vnet/subnets/RG2_VM_Subnet",
                        "attributes": {
                            "address_prefix": "10.0.1.0/24",
                            "id": "/subscriptions/82224ae2-fb9c-468d-86c1-ee15f41698c7/resourceGroups/RG2/providers/Microsoft.Network/virtualNetworks/RG2_VM_Vnet/subnets/RG2_VM_Subnet",
                            "ip_configurations.#": "1",
                            "ip_configurations.2011708136": "/subscriptions/82224ae2-fb9c-468d-86c1-ee15f41698c7/resourceGroups/RG2/providers/Microsoft.Network/networkInterfaces/RG2_VM_NIC/ipConfigurations/RG2_VM_NICConfg",
                            "name": "RG2_VM_Subnet",
                            "resource_group_name": "RG2",
                            "route_table_id": "",
                            "service_endpoints.#": "0",
                            "virtual_network_name": "RG2_VM_Vnet"
                        },
                        "meta": {},
                        "tainted": false
                    },
                    "deposed": [],
                    "provider": "provider.azurerm"
                },
                "azurerm_virtual_network.vnet": {
                    "type": "azurerm_virtual_network",
                    "depends_on": [
                        "azurerm_resource_group.rg"
                    ],
                    "primary": {
                        "id": "/subscriptions/82224ae2-fb9c-468d-86c1-ee15f41698c7/resourceGroups/RG2/providers/Microsoft.Network/virtualNetworks/RG2_VM_Vnet",
                        "attributes": {
                            "address_space.#": "1",
                            "address_space.0": "10.0.0.0/16",
                            "dns_servers.#": "0",
                            "id": "/subscriptions/82224ae2-fb9c-468d-86c1-ee15f41698c7/resourceGroups/RG2/providers/Microsoft.Network/virtualNetworks/RG2_VM_Vnet",
                            "location": "southeastasia",
                            "name": "RG2_VM_Vnet",
                            "resource_group_name": "RG2",
                            "subnet.#": "1",
                            "subnet.2951206730.address_prefix": "10.0.1.0/24",
                            "subnet.2951206730.id": "/subscriptions/82224ae2-fb9c-468d-86c1-ee15f41698c7/resourceGroups/RG2/providers/Microsoft.Network/virtualNetworks/RG2_VM_Vnet/subnets/RG2_VM_Subnet",
                            "subnet.2951206730.name": "RG2_VM_Subnet",
                            "subnet.2951206730.security_group": "",
                            "tags.%": "0"
                        },
                        "meta": {},
                        "tainted": false
                    },
                    "deposed": [],
                    "provider": "provider.azurerm"
                }
            },
            "depends_on": []
        }
    ]
}
