{
    "version": 3,
    "terraform_version": "0.11.11",
    "serial": 4,
    "lineage": "12cac3d0-8ed2-a3a2-c75d-55a01c98862a",
    "modules": [
        {
            "path": [
                "root"
            ],
            "outputs": {},
            "resources": {
                "azurerm_resource_group.rg": {
                    "type": "azurerm_resource_group",
                    "depends_on": [],
                    "primary": {
                        "id": "/subscriptions/82224ae2-fb9c-468d-86c1-ee15f41698c7/resourceGroups/dev",
                        "attributes": {
                            "id": "/subscriptions/82224ae2-fb9c-468d-86c1-ee15f41698c7/resourceGroups/dev",
                            "location": "southeastasia",
                            "name": "dev",
                            "tags.%": "0"
                        },
                        "meta": {},
                        "tainted": false
                    },
                    "deposed": [],
                    "provider": "provider.azurerm"
                }
            },
            "depends_on": []
        },
        {
            "path": [
                "root",
                "compute"
            ],
            "outputs": {
                "availability_set_id": {
                    "sensitive": false,
                    "type": "string",
                    "value": "/subscriptions/82224ae2-fb9c-468d-86c1-ee15f41698c7/resourceGroups/dev/providers/Microsoft.Compute/availabilitySets/myvm-avset"
                },
                "network_interface_ids": {
                    "sensitive": false,
                    "type": "list",
                    "value": [
                        "/subscriptions/82224ae2-fb9c-468d-86c1-ee15f41698c7/resourceGroups/dev/providers/Microsoft.Network/networkInterfaces/nic-myvm-0"
                    ]
                },
                "network_interface_private_ip": {
                    "sensitive": false,
                    "type": "list",
                    "value": [
                        "10.0.1.4"
                    ]
                },
                "network_security_group_id": {
                    "sensitive": false,
                    "type": "string",
                    "value": "/subscriptions/82224ae2-fb9c-468d-86c1-ee15f41698c7/resourceGroups/dev/providers/Microsoft.Network/networkSecurityGroups/myvm-22-nsg"
                },
                "public_ip_address": {
                    "sensitive": false,
                    "type": "list",
                    "value": [
                        ""
                    ]
                },
                "public_ip_dns_name": {
                    "sensitive": false,
                    "type": "list",
                    "value": [
                        "zzdns.southeastasia.cloudapp.azure.com"
                    ]
                },
                "public_ip_id": {
                    "sensitive": false,
                    "type": "list",
                    "value": [
                        "/subscriptions/82224ae2-fb9c-468d-86c1-ee15f41698c7/resourceGroups/dev/providers/Microsoft.Network/publicIPAddresses/myvm-0-publicIP"
                    ]
                },
                "vm_ids": {
                    "sensitive": false,
                    "type": "list",
                    "value": [
                        "/subscriptions/82224ae2-fb9c-468d-86c1-ee15f41698c7/resourceGroups/dev/providers/Microsoft.Compute/virtualMachines/myvm0"
                    ]
                }
            },
            "resources": {
                "azurerm_availability_set.vm": {
                    "type": "azurerm_availability_set",
                    "depends_on": [
                        "azurerm_resource_group.vm"
                    ],
                    "primary": {
                        "id": "/subscriptions/82224ae2-fb9c-468d-86c1-ee15f41698c7/resourceGroups/dev/providers/Microsoft.Compute/availabilitySets/myvm-avset",
                        "attributes": {
                            "id": "/subscriptions/82224ae2-fb9c-468d-86c1-ee15f41698c7/resourceGroups/dev/providers/Microsoft.Compute/availabilitySets/myvm-avset",
                            "location": "southeastasia",
                            "managed": "true",
                            "name": "myvm-avset",
                            "platform_fault_domain_count": "2",
                            "platform_update_domain_count": "2",
                            "resource_group_name": "dev",
                            "tags.%": "2",
                            "tags.Dept": "Engineering",
                            "tags.Environment": "Terraform GS"
                        },
                        "meta": {},
                        "tainted": false
                    },
                    "deposed": [],
                    "provider": "module.compute.provider.azurerm"
                },
                "azurerm_network_interface.vm": {
                    "type": "azurerm_network_interface",
                    "depends_on": [
                        "azurerm_network_security_group.vm",
                        "azurerm_public_ip.vm.*",
                        "azurerm_resource_group.vm"
                    ],
                    "primary": {
                        "id": "/subscriptions/82224ae2-fb9c-468d-86c1-ee15f41698c7/resourceGroups/dev/providers/Microsoft.Network/networkInterfaces/nic-myvm-0",
                        "attributes": {
                            "applied_dns_servers.#": "0",
                            "dns_servers.#": "0",
                            "enable_accelerated_networking": "false",
                            "enable_ip_forwarding": "false",
                            "id": "/subscriptions/82224ae2-fb9c-468d-86c1-ee15f41698c7/resourceGroups/dev/providers/Microsoft.Network/networkInterfaces/nic-myvm-0",
                            "internal_dns_name_label": "",
                            "internal_fqdn": "",
                            "ip_configuration.#": "1",
                            "ip_configuration.0.application_gateway_backend_address_pools_ids.#": "0",
                            "ip_configuration.0.application_security_group_ids.#": "0",
                            "ip_configuration.0.load_balancer_backend_address_pools_ids.#": "0",
                            "ip_configuration.0.load_balancer_inbound_nat_rules_ids.#": "0",
                            "ip_configuration.0.name": "ipconfig0",
                            "ip_configuration.0.primary": "true",
                            "ip_configuration.0.private_ip_address": "",
                            "ip_configuration.0.private_ip_address_allocation": "dynamic",
                            "ip_configuration.0.private_ip_address_version": "IPv4",
                            "ip_configuration.0.public_ip_address_id": "/subscriptions/82224ae2-fb9c-468d-86c1-ee15f41698c7/resourceGroups/dev/providers/Microsoft.Network/publicIPAddresses/myvm-0-publicIP",
                            "ip_configuration.0.subnet_id": "/subscriptions/82224ae2-fb9c-468d-86c1-ee15f41698c7/resourceGroups/dev/providers/Microsoft.Network/virtualNetworks/acctvnet/subnets/mySubnet",
                            "location": "southeastasia",
                            "mac_address": "",
                            "name": "nic-myvm-0",
                            "network_security_group_id": "/subscriptions/82224ae2-fb9c-468d-86c1-ee15f41698c7/resourceGroups/dev/providers/Microsoft.Network/networkSecurityGroups/myvm-22-nsg",
                            "private_ip_address": "10.0.1.4",
                            "private_ip_addresses.#": "1",
                            "private_ip_addresses.0": "10.0.1.4",
                            "resource_group_name": "dev",
                            "tags.%": "2",
                            "tags.Dept": "Engineering",
                            "tags.Environment": "Terraform GS"
                        },
                        "meta": {},
                        "tainted": false
                    },
                    "deposed": [],
                    "provider": "module.compute.provider.azurerm"
                },
                "azurerm_network_security_group.vm": {
                    "type": "azurerm_network_security_group",
                    "depends_on": [
                        "azurerm_resource_group.vm",
                        "module.os"
                    ],
                    "primary": {
                        "id": "/subscriptions/82224ae2-fb9c-468d-86c1-ee15f41698c7/resourceGroups/dev/providers/Microsoft.Network/networkSecurityGroups/myvm-22-nsg",
                        "attributes": {
                            "id": "/subscriptions/82224ae2-fb9c-468d-86c1-ee15f41698c7/resourceGroups/dev/providers/Microsoft.Network/networkSecurityGroups/myvm-22-nsg",
                            "location": "southeastasia",
                            "name": "myvm-22-nsg",
                            "resource_group_name": "dev",
                            "security_rule.#": "1",
                            "security_rule.1118944097.access": "Allow",
                            "security_rule.1118944097.description": "Allow remote protocol in from all locations",
                            "security_rule.1118944097.destination_address_prefix": "*",
                            "security_rule.1118944097.destination_address_prefixes.#": "0",
                            "security_rule.1118944097.destination_application_security_group_ids.#": "0",
                            "security_rule.1118944097.destination_port_range": "22",
                            "security_rule.1118944097.destination_port_ranges.#": "0",
                            "security_rule.1118944097.direction": "Inbound",
                            "security_rule.1118944097.name": "allow_remote_22_in_all",
                            "security_rule.1118944097.priority": "100",
                            "security_rule.1118944097.protocol": "Tcp",
                            "security_rule.1118944097.source_address_prefix": "*",
                            "security_rule.1118944097.source_address_prefixes.#": "0",
                            "security_rule.1118944097.source_application_security_group_ids.#": "0",
                            "security_rule.1118944097.source_port_range": "*",
                            "security_rule.1118944097.source_port_ranges.#": "0",
                            "tags.%": "2",
                            "tags.Dept": "Engineering",
                            "tags.Environment": "Terraform GS"
                        },
                        "meta": {},
                        "tainted": false
                    },
                    "deposed": [],
                    "provider": "module.compute.provider.azurerm"
                },
                "azurerm_public_ip.vm": {
                    "type": "azurerm_public_ip",
                    "depends_on": [
                        "azurerm_resource_group.vm"
                    ],
                    "primary": {
                        "id": "/subscriptions/82224ae2-fb9c-468d-86c1-ee15f41698c7/resourceGroups/dev/providers/Microsoft.Network/publicIPAddresses/myvm-0-publicIP",
                        "attributes": {
                            "allocation_method": "Dynamic",
                            "domain_name_label": "zzdns",
                            "fqdn": "zzdns.southeastasia.cloudapp.azure.com",
                            "id": "/subscriptions/82224ae2-fb9c-468d-86c1-ee15f41698c7/resourceGroups/dev/providers/Microsoft.Network/publicIPAddresses/myvm-0-publicIP",
                            "idle_timeout_in_minutes": "4",
                            "ip_address": "",
                            "ip_version": "IPv4",
                            "location": "southeastasia",
                            "name": "myvm-0-publicIP",
                            "public_ip_address_allocation": "Dynamic",
                            "resource_group_name": "dev",
                            "reverse_fqdn": "",
                            "sku": "Basic",
                            "tags.%": "2",
                            "tags.Dept": "Engineering",
                            "tags.Environment": "Terraform GS",
                            "zones.#": "0"
                        },
                        "meta": {},
                        "tainted": false
                    },
                    "deposed": [],
                    "provider": "module.compute.provider.azurerm"
                },
                "azurerm_resource_group.vm": {
                    "type": "azurerm_resource_group",
                    "depends_on": [],
                    "primary": {
                        "id": "/subscriptions/82224ae2-fb9c-468d-86c1-ee15f41698c7/resourceGroups/dev",
                        "attributes": {
                            "id": "/subscriptions/82224ae2-fb9c-468d-86c1-ee15f41698c7/resourceGroups/dev",
                            "location": "southeastasia",
                            "name": "dev",
                            "tags.%": "2",
                            "tags.Dept": "Engineering",
                            "tags.Environment": "Terraform GS"
                        },
                        "meta": {},
                        "tainted": false
                    },
                    "deposed": [],
                    "provider": "module.compute.provider.azurerm"
                },
                "azurerm_virtual_machine.vm-linux": {
                    "type": "azurerm_virtual_machine",
                    "depends_on": [
                        "azurerm_availability_set.vm",
                        "azurerm_network_interface.vm.*",
                        "azurerm_resource_group.vm",
                        "azurerm_storage_account.vm-sa.*",
                        "module.os"
                    ],
                    "primary": {
                        "id": "/subscriptions/82224ae2-fb9c-468d-86c1-ee15f41698c7/resourceGroups/dev/providers/Microsoft.Compute/virtualMachines/myvm0",
                        "attributes": {
                            "availability_set_id": "/subscriptions/82224ae2-fb9c-468d-86c1-ee15f41698c7/resourcegroups/dev/providers/microsoft.compute/availabilitysets/myvm-avset",
                            "boot_diagnostics.#": "1",
                            "boot_diagnostics.0.enabled": "false",
                            "boot_diagnostics.0.storage_uri": "",
                            "delete_data_disks_on_termination": "false",
                            "delete_os_disk_on_termination": "false",
                            "id": "/subscriptions/82224ae2-fb9c-468d-86c1-ee15f41698c7/resourceGroups/dev/providers/Microsoft.Compute/virtualMachines/myvm0",
                            "identity.#": "0",
                            "location": "southeastasia",
                            "name": "myvm0",
                            "network_interface_ids.#": "1",
                            "network_interface_ids.0": "/subscriptions/82224ae2-fb9c-468d-86c1-ee15f41698c7/resourceGroups/dev/providers/Microsoft.Network/networkInterfaces/nic-myvm-0",
                            "os_profile.#": "1",
                            "os_profile.1299944488.admin_password": "",
                            "os_profile.1299944488.admin_username": "tadmin",
                            "os_profile.1299944488.computer_name": "myvm0",
                            "os_profile.1299944488.custom_data": "",
                            "os_profile_linux_config.#": "1",
                            "os_profile_linux_config.69840937.disable_password_authentication": "true",
                            "os_profile_linux_config.69840937.ssh_keys.#": "1",
                            "os_profile_linux_config.69840937.ssh_keys.0.key_data": "---- BEGIN SSH2 PUBLIC KEY ----\r\nComment: \"rsa-key-20190227\"\r\nAAAAB3NzaC1yc2EAAAABJQAAAQEAsHZStRZy9rY5U6blaqnsX2/3eHBCwANgZ7bJ\r\nKIDzJ3GFmxC5+U0xWjf4dOuim6cY0ICC170QPCo9dQzFFeVZVRSooUBK4HNA/Zho\r\nVh5S7mmEeDbdNIKtHu+sfaESISN7ju4WKdLQQlurpVWv8ERamwn3ft3wtRVIdcW6\r\ny8EX/cAj9fKFm8/4O8W5MG4pIdSwLr5UBn8EVi+UiT4romfNV8065RXP8Pn23oAI\r\nWYnh/uWKJyY6O/XK3/KrgVjo00akgm6YA4VZG5aKo5AnFZ2QHvFYFt0gar6O5X8k\r\nDg2FSuBmULSnp++5UlttDlLFxDo1AneQXOgiUbB9166wJIoU+w==\r\n---- END SSH2 PUBLIC KEY ----\r\n",
                            "os_profile_linux_config.69840937.ssh_keys.0.path": "/home/tadmin/.ssh/authorized_keys",
                            "os_profile_secrets.#": "0",
                            "os_profile_windows_config.#": "0",
                            "plan.#": "0",
                            "resource_group_name": "dev",
                            "storage_data_disk.#": "0",
                            "storage_image_reference.#": "1",
                            "storage_image_reference.1458860473.id": "",
                            "storage_image_reference.1458860473.offer": "UbuntuServer",
                            "storage_image_reference.1458860473.publisher": "Canonical",
                            "storage_image_reference.1458860473.sku": "16.04-LTS",
                            "storage_image_reference.1458860473.version": "latest",
                            "storage_os_disk.#": "1",
                            "storage_os_disk.0.caching": "ReadWrite",
                            "storage_os_disk.0.create_option": "FromImage",
                            "storage_os_disk.0.disk_size_gb": "30",
                            "storage_os_disk.0.image_uri": "",
                            "storage_os_disk.0.managed_disk_id": "/subscriptions/82224ae2-fb9c-468d-86c1-ee15f41698c7/resourceGroups/dev/providers/Microsoft.Compute/disks/osdisk-myvm-0",
                            "storage_os_disk.0.managed_disk_type": "Premium_LRS",
                            "storage_os_disk.0.name": "osdisk-myvm-0",
                            "storage_os_disk.0.os_type": "Linux",
                            "storage_os_disk.0.vhd_uri": "",
                            "storage_os_disk.0.write_accelerator_enabled": "false",
                            "tags.%": "2",
                            "tags.Dept": "Engineering",
                            "tags.Environment": "Terraform GS",
                            "vm_size": "Standard_B2s",
                            "zones.#": "0"
                        },
                        "meta": {},
                        "tainted": false
                    },
                    "deposed": [],
                    "provider": "module.compute.provider.azurerm"
                },
                "random_id.vm-sa": {
                    "type": "random_id",
                    "depends_on": [],
                    "primary": {
                        "id": "sJhFC3dc",
                        "attributes": {
                            "b64": "sJhFC3dc",
                            "b64_std": "sJhFC3dc",
                            "b64_url": "sJhFC3dc",
                            "byte_length": "6",
                            "dec": "194168039896924",
                            "hex": "b098450b775c",
                            "id": "sJhFC3dc",
                            "keepers.%": "1",
                            "keepers.vm_hostname": "myvm"
                        },
                        "meta": {},
                        "tainted": false
                    },
                    "deposed": [],
                    "provider": "module.compute.provider.random"
                }
            },
            "depends_on": []
        },
        {
            "path": [
                "root",
                "network"
            ],
            "outputs": {
                "vnet_address_space": {
                    "sensitive": false,
                    "type": "list",
                    "value": [
                        "10.0.0.0/16"
                    ]
                },
                "vnet_id": {
                    "sensitive": false,
                    "type": "string",
                    "value": "/subscriptions/82224ae2-fb9c-468d-86c1-ee15f41698c7/resourceGroups/dev/providers/Microsoft.Network/virtualNetworks/acctvnet"
                },
                "vnet_location": {
                    "sensitive": false,
                    "type": "string",
                    "value": "southeastasia"
                },
                "vnet_name": {
                    "sensitive": false,
                    "type": "string",
                    "value": "acctvnet"
                },
                "vnet_subnets": {
                    "sensitive": false,
                    "type": "list",
                    "value": [
                        "/subscriptions/82224ae2-fb9c-468d-86c1-ee15f41698c7/resourceGroups/dev/providers/Microsoft.Network/virtualNetworks/acctvnet/subnets/mySubnet"
                    ]
                }
            },
            "resources": {
                "azurerm_resource_group.network": {
                    "type": "azurerm_resource_group",
                    "depends_on": [],
                    "primary": {
                        "id": "/subscriptions/82224ae2-fb9c-468d-86c1-ee15f41698c7/resourceGroups/dev",
                        "attributes": {
                            "id": "/subscriptions/82224ae2-fb9c-468d-86c1-ee15f41698c7/resourceGroups/dev",
                            "location": "southeastasia",
                            "name": "dev",
                            "tags.%": "0"
                        },
                        "meta": {},
                        "tainted": false
                    },
                    "deposed": [],
                    "provider": "provider.azurerm"
                },
                "azurerm_subnet.subnet": {
                    "type": "azurerm_subnet",
                    "depends_on": [
                        "azurerm_resource_group.network",
                        "azurerm_virtual_network.vnet"
                    ],
                    "primary": {
                        "id": "/subscriptions/82224ae2-fb9c-468d-86c1-ee15f41698c7/resourceGroups/dev/providers/Microsoft.Network/virtualNetworks/acctvnet/subnets/mySubnet",
                        "attributes": {
                            "address_prefix": "10.0.1.0/24",
                            "delegation.#": "0",
                            "id": "/subscriptions/82224ae2-fb9c-468d-86c1-ee15f41698c7/resourceGroups/dev/providers/Microsoft.Network/virtualNetworks/acctvnet/subnets/mySubnet",
                            "ip_configurations.#": "0",
                            "name": "mySubnet",
                            "network_security_group_id": "",
                            "resource_group_name": "dev",
                            "route_table_id": "",
                            "service_endpoints.#": "0",
                            "virtual_network_name": "acctvnet"
                        },
                        "meta": {},
                        "tainted": false
                    },
                    "deposed": [],
                    "provider": "provider.azurerm"
                },
                "azurerm_virtual_network.vnet": {
                    "type": "azurerm_virtual_network",
                    "depends_on": [
                        "azurerm_resource_group.network"
                    ],
                    "primary": {
                        "id": "/subscriptions/82224ae2-fb9c-468d-86c1-ee15f41698c7/resourceGroups/dev/providers/Microsoft.Network/virtualNetworks/acctvnet",
                        "attributes": {
                            "address_space.#": "1",
                            "address_space.0": "10.0.0.0/16",
                            "ddos_protection_plan.#": "0",
                            "dns_servers.#": "0",
                            "id": "/subscriptions/82224ae2-fb9c-468d-86c1-ee15f41698c7/resourceGroups/dev/providers/Microsoft.Network/virtualNetworks/acctvnet",
                            "location": "southeastasia",
                            "name": "acctvnet",
                            "resource_group_name": "dev",
                            "subnet.#": "0",
                            "tags.%": "2",
                            "tags.Dept": "Engineering",
                            "tags.Environment": "Terraform GS"
                        },
                        "meta": {},
                        "tainted": false
                    },
                    "deposed": [],
                    "provider": "provider.azurerm"
                }
            },
            "depends_on": []
        },
        {
            "path": [
                "root",
                "compute",
                "os"
            ],
            "outputs": {
                "calculated_remote_port": {
                    "sensitive": false,
                    "type": "string",
                    "value": "22"
                },
                "calculated_value_os_offer": {
                    "sensitive": false,
                    "type": "string",
                    "value": "UbuntuServer"
                },
                "calculated_value_os_publisher": {
                    "sensitive": false,
                    "type": "string",
                    "value": "Canonical"
                },
                "calculated_value_os_sku": {
                    "sensitive": false,
                    "type": "string",
                    "value": "16.04-LTS"
                }
            },
            "resources": {},
            "depends_on": []
        }
    ]
}
